// !$*UTF8*$!
{
	archiveVersion = 1;
	classes = {
	};
	objectVersion = 55;
	objects = {

/* Begin PBXBuildFile section */
		505D6DBE287C1F9E005A28CB /* processApp.swift in Sources */ = {isa = PBXBuildFile; fileRef = 505D6DBD287C1F9E005A28CB /* processApp.swift */; };
		505D6DC2287C1F9F005A28CB /* Assets.xcassets in Resources */ = {isa = PBXBuildFile; fileRef = 505D6DC1287C1F9F005A28CB /* Assets.xcassets */; };
		505D6DD4287C2116005A28CB /* EditProjectParentView.swift in Sources */ = {isa = PBXBuildFile; fileRef = 505D6DD3287C2116005A28CB /* EditProjectParentView.swift */; };
		505D6DD6287C2131005A28CB /* EditTaskParentView.swift in Sources */ = {isa = PBXBuildFile; fileRef = 505D6DD5287C2131005A28CB /* EditTaskParentView.swift */; };
		505D6DD8287C2143005A28CB /* SelectSubtasks.swift in Sources */ = {isa = PBXBuildFile; fileRef = 505D6DD7287C2143005A28CB /* SelectSubtasks.swift */; };
		505D6DDA287C2155005A28CB /* SelectCollaborators.swift in Sources */ = {isa = PBXBuildFile; fileRef = 505D6DD9287C2154005A28CB /* SelectCollaborators.swift */; };
		505D6DDC287C215E005A28CB /* Login.swift in Sources */ = {isa = PBXBuildFile; fileRef = 505D6DDB287C215E005A28CB /* Login.swift */; };
		505D6DDE287C216B005A28CB /* Registration.swift in Sources */ = {isa = PBXBuildFile; fileRef = 505D6DDD287C216B005A28CB /* Registration.swift */; };
		505D6DE0287C2187005A28CB /* ProjectsHome.swift in Sources */ = {isa = PBXBuildFile; fileRef = 505D6DDF287C2187005A28CB /* ProjectsHome.swift */; };
		505D6DE2287C2190005A28CB /* TasksHome.swift in Sources */ = {isa = PBXBuildFile; fileRef = 505D6DE1287C2190005A28CB /* TasksHome.swift */; };
		505D6DE4287C2199005A28CB /* ProfileHome.swift in Sources */ = {isa = PBXBuildFile; fileRef = 505D6DE3287C2199005A28CB /* ProfileHome.swift */; };
		505D6DE8287C21B7005A28CB /* ExportTasks.swift in Sources */ = {isa = PBXBuildFile; fileRef = 505D6DE7287C21B7005A28CB /* ExportTasks.swift */; };
		505D6DEA287C21CC005A28CB /* UserPreferences.swift in Sources */ = {isa = PBXBuildFile; fileRef = 505D6DE9287C21CC005A28CB /* UserPreferences.swift */; };
		505D6DED287C2218005A28CB /* Notifications.swift in Sources */ = {isa = PBXBuildFile; fileRef = 505D6DEC287C2218005A28CB /* Notifications.swift */; };
		505D6DF2287C2247005A28CB /* EditProject.swift in Sources */ = {isa = PBXBuildFile; fileRef = 505D6DF1287C2247005A28CB /* EditProject.swift */; };
		505D6DF4287C2250005A28CB /* ProjectDetails.swift in Sources */ = {isa = PBXBuildFile; fileRef = 505D6DF3287C2250005A28CB /* ProjectDetails.swift */; };
		505D6DF7287C227F005A28CB /* NewTask.swift in Sources */ = {isa = PBXBuildFile; fileRef = 505D6DF6287C227F005A28CB /* NewTask.swift */; };
		505D6DF9287C2289005A28CB /* EditTask.swift in Sources */ = {isa = PBXBuildFile; fileRef = 505D6DF8287C2289005A28CB /* EditTask.swift */; };
		505D6DFB287C2290005A28CB /* TaskDetails.swift in Sources */ = {isa = PBXBuildFile; fileRef = 505D6DFA287C2290005A28CB /* TaskDetails.swift */; };
		505D6DFF287C22E7005A28CB /* User.swift in Sources */ = {isa = PBXBuildFile; fileRef = 505D6DFE287C22E7005A28CB /* User.swift */; };
		505D6E01287C22F8005A28CB /* Project.swift in Sources */ = {isa = PBXBuildFile; fileRef = 505D6E00287C22F8005A28CB /* Project.swift */; };
		505D6E03287C22FF005A28CB /* Task.swift in Sources */ = {isa = PBXBuildFile; fileRef = 505D6E02287C22FF005A28CB /* Task.swift */; };
		505D6E10287E9317005A28CB /* GoogleService-Info.plist in Resources */ = {isa = PBXBuildFile; fileRef = 505D6E0F287E9317005A28CB /* GoogleService-Info.plist */; };
		505D6E13287E9BE3005A28CB /* ActionButton in Frameworks */ = {isa = PBXBuildFile; productRef = 505D6E12287E9BE3005A28CB /* ActionButton */; };
		505D6E16287EB061005A28CB /* PasswordField.swift in Sources */ = {isa = PBXBuildFile; fileRef = 505D6E15287EB061005A28CB /* PasswordField.swift */; };
		505D6E18287EB24A005A28CB /* EmailField.swift in Sources */ = {isa = PBXBuildFile; fileRef = 505D6E17287EB24A005A28CB /* EmailField.swift */; };
		505D6E1B287EC49B005A28CB /* VerificationUtils.swift in Sources */ = {isa = PBXBuildFile; fileRef = 505D6E1A287EC49B005A28CB /* VerificationUtils.swift */; };
		505D6E21287EEDD3005A28CB /* Invite.swift in Sources */ = {isa = PBXBuildFile; fileRef = 505D6E20287EEDD3005A28CB /* Invite.swift */; };
		505D6E26287EF262005A28CB /* APIHandler.swift in Sources */ = {isa = PBXBuildFile; fileRef = 505D6E25287EF262005A28CB /* APIHandler.swift */; };
		505D6E2828880787005A28CB /* ProjectsConstant.swift in Sources */ = {isa = PBXBuildFile; fileRef = 505D6E2728880787005A28CB /* ProjectsConstant.swift */; };
		505D6E2A288807E2005A28CB /* TasksConstant.swift in Sources */ = {isa = PBXBuildFile; fileRef = 505D6E29288807E2005A28CB /* TasksConstant.swift */; };
		505D6E2C288807F0005A28CB /* ProfileConstant.swift in Sources */ = {isa = PBXBuildFile; fileRef = 505D6E2B288807F0005A28CB /* ProfileConstant.swift */; };
		505D6E2E288808D9005A28CB /* GlobalConstant.swift in Sources */ = {isa = PBXBuildFile; fileRef = 505D6E2D288808D9005A28CB /* GlobalConstant.swift */; };
		505D6E30288809EE005A28CB /* HomeConstants.swift in Sources */ = {isa = PBXBuildFile; fileRef = 505D6E2F288809EE005A28CB /* HomeConstants.swift */; };
		505D6E36288823FA005A28CB /* RootView.swift in Sources */ = {isa = PBXBuildFile; fileRef = 505D6E35288823FA005A28CB /* RootView.swift */; };
		505D6E3C2888575D005A28CB /* RoundButton.swift in Sources */ = {isa = PBXBuildFile; fileRef = 505D6E3B2888575D005A28CB /* RoundButton.swift */; };
		982352902887F82C00A565CB /* APIHandlerError.swift in Sources */ = {isa = PBXBuildFile; fileRef = 9823528F2887F82C00A565CB /* APIHandlerError.swift */; };
		982352942887F8F600A565CB /* LoginConstant.swift in Sources */ = {isa = PBXBuildFile; fileRef = 982352932887F8F600A565CB /* LoginConstant.swift */; };
		982352962887F90400A565CB /* RegistrationConstant.swift in Sources */ = {isa = PBXBuildFile; fileRef = 982352952887F90400A565CB /* RegistrationConstant.swift */; };
		982352982887F91900A565CB /* UserConstant.swift in Sources */ = {isa = PBXBuildFile; fileRef = 982352972887F91900A565CB /* UserConstant.swift */; };
		9823529A2887FAC200A565CB /* BannerConstant.swift in Sources */ = {isa = PBXBuildFile; fileRef = 982352992887FAC200A565CB /* BannerConstant.swift */; };
		9863A233287D425E008616B2 /* SwiftUIX in Frameworks */ = {isa = PBXBuildFile; productRef = 9863A232287D425E008616B2 /* SwiftUIX */; };
		9863A236287F64BE008616B2 /* Preview Assets.xcassets in Resources */ = {isa = PBXBuildFile; fileRef = 9863A235287F64BE008616B2 /* Preview Assets.xcassets */; };
		9879C1552880C385009A34D3 /* BannerModifier.swift in Sources */ = {isa = PBXBuildFile; fileRef = 9879C1542880C385009A34D3 /* BannerModifier.swift */; };
		9879C16128813B5D009A34D3 /* FirebaseAnalytics in Frameworks */ = {isa = PBXBuildFile; productRef = 9879C16028813B5D009A34D3 /* FirebaseAnalytics */; };
		9879C16328813B5D009A34D3 /* FirebaseAnalyticsSwift in Frameworks */ = {isa = PBXBuildFile; productRef = 9879C16228813B5D009A34D3 /* FirebaseAnalyticsSwift */; };
		9879C16528813B5D009A34D3 /* FirebaseAuth in Frameworks */ = {isa = PBXBuildFile; productRef = 9879C16428813B5D009A34D3 /* FirebaseAuth */; };
		9879C16728813B5D009A34D3 /* FirebaseFirestore in Frameworks */ = {isa = PBXBuildFile; productRef = 9879C16628813B5D009A34D3 /* FirebaseFirestore */; };
		9879C16928813B5D009A34D3 /* FirebaseFirestoreSwift in Frameworks */ = {isa = PBXBuildFile; productRef = 9879C16828813B5D009A34D3 /* FirebaseFirestoreSwift */; };
		9879C16B28813B5D009A34D3 /* FirebaseStorage in Frameworks */ = {isa = PBXBuildFile; productRef = 9879C16A28813B5D009A34D3 /* FirebaseStorage */; };
		9879C16F28854896009A34D3 /* Home.swift in Sources */ = {isa = PBXBuildFile; fileRef = 9879C16E28854896009A34D3 /* Home.swift */; };
		988FD3DF288A911E0057D49D /* ImagePicker.swift in Sources */ = {isa = PBXBuildFile; fileRef = 988FD3DE288A911E0057D49D /* ImagePicker.swift */; };
		988FD3EA288ED1F60057D49D /* UserAnalyticsView.swift in Sources */ = {isa = PBXBuildFile; fileRef = 988FD3E9288ED1F60057D49D /* UserAnalyticsView.swift */; };
		988FD3EC288ED23F0057D49D /* EditProfileCardView.swift in Sources */ = {isa = PBXBuildFile; fileRef = 988FD3EB288ED23F0057D49D /* EditProfileCardView.swift */; };
		988FD3EE288ED24C0057D49D /* ProfileCardView.swift in Sources */ = {isa = PBXBuildFile; fileRef = 988FD3ED288ED24B0057D49D /* ProfileCardView.swift */; };
		988FD3F2288EFFF60057D49D /* TaskList.swift in Sources */ = {isa = PBXBuildFile; fileRef = 988FD3F1288EFFF60057D49D /* TaskList.swift */; };
		988FD3F6288FA8CA0057D49D /* NewProject.swift in Sources */ = {isa = PBXBuildFile; fileRef = 988FD3F5288FA8CA0057D49D /* NewProject.swift */; };
/* End PBXBuildFile section */

/* Begin PBXFileReference section */
		505D6DBA287C1F9E005A28CB /* process.app */ = {isa = PBXFileReference; explicitFileType = wrapper.application; includeInIndex = 0; path = process.app; sourceTree = BUILT_PRODUCTS_DIR; };
		505D6DBD287C1F9E005A28CB /* processApp.swift */ = {isa = PBXFileReference; lastKnownFileType = sourcecode.swift; path = processApp.swift; sourceTree = "<group>"; };
		505D6DC1287C1F9F005A28CB /* Assets.xcassets */ = {isa = PBXFileReference; lastKnownFileType = folder.assetcatalog; path = Assets.xcassets; sourceTree = "<group>"; };
		505D6DD3287C2116005A28CB /* EditProjectParentView.swift */ = {isa = PBXFileReference; lastKnownFileType = sourcecode.swift; path = EditProjectParentView.swift; sourceTree = "<group>"; };
		505D6DD5287C2131005A28CB /* EditTaskParentView.swift */ = {isa = PBXFileReference; lastKnownFileType = sourcecode.swift; path = EditTaskParentView.swift; sourceTree = "<group>"; };
		505D6DD7287C2143005A28CB /* SelectSubtasks.swift */ = {isa = PBXFileReference; lastKnownFileType = sourcecode.swift; path = SelectSubtasks.swift; sourceTree = "<group>"; };
		505D6DD9287C2154005A28CB /* SelectCollaborators.swift */ = {isa = PBXFileReference; lastKnownFileType = sourcecode.swift; path = SelectCollaborators.swift; sourceTree = "<group>"; };
		505D6DDB287C215E005A28CB /* Login.swift */ = {isa = PBXFileReference; lastKnownFileType = sourcecode.swift; path = Login.swift; sourceTree = "<group>"; };
		505D6DDD287C216B005A28CB /* Registration.swift */ = {isa = PBXFileReference; lastKnownFileType = sourcecode.swift; path = Registration.swift; sourceTree = "<group>"; };
		505D6DDF287C2187005A28CB /* ProjectsHome.swift */ = {isa = PBXFileReference; lastKnownFileType = sourcecode.swift; path = ProjectsHome.swift; sourceTree = "<group>"; };
		505D6DE1287C2190005A28CB /* TasksHome.swift */ = {isa = PBXFileReference; lastKnownFileType = sourcecode.swift; path = TasksHome.swift; sourceTree = "<group>"; };
		505D6DE3287C2199005A28CB /* ProfileHome.swift */ = {isa = PBXFileReference; lastKnownFileType = sourcecode.swift; path = ProfileHome.swift; sourceTree = "<group>"; };
		505D6DE7287C21B7005A28CB /* ExportTasks.swift */ = {isa = PBXFileReference; lastKnownFileType = sourcecode.swift; path = ExportTasks.swift; sourceTree = "<group>"; };
		505D6DE9287C21CC005A28CB /* UserPreferences.swift */ = {isa = PBXFileReference; lastKnownFileType = sourcecode.swift; path = UserPreferences.swift; sourceTree = "<group>"; };
		505D6DEC287C2218005A28CB /* Notifications.swift */ = {isa = PBXFileReference; lastKnownFileType = sourcecode.swift; path = Notifications.swift; sourceTree = "<group>"; };
		505D6DF1287C2247005A28CB /* EditProject.swift */ = {isa = PBXFileReference; lastKnownFileType = sourcecode.swift; path = EditProject.swift; sourceTree = "<group>"; };
		505D6DF3287C2250005A28CB /* ProjectDetails.swift */ = {isa = PBXFileReference; lastKnownFileType = sourcecode.swift; path = ProjectDetails.swift; sourceTree = "<group>"; };
		505D6DF6287C227F005A28CB /* NewTask.swift */ = {isa = PBXFileReference; lastKnownFileType = sourcecode.swift; path = NewTask.swift; sourceTree = "<group>"; };
		505D6DF8287C2289005A28CB /* EditTask.swift */ = {isa = PBXFileReference; lastKnownFileType = sourcecode.swift; path = EditTask.swift; sourceTree = "<group>"; };
		505D6DFA287C2290005A28CB /* TaskDetails.swift */ = {isa = PBXFileReference; lastKnownFileType = sourcecode.swift; path = TaskDetails.swift; sourceTree = "<group>"; };
		505D6DFE287C22E7005A28CB /* User.swift */ = {isa = PBXFileReference; lastKnownFileType = sourcecode.swift; path = User.swift; sourceTree = "<group>"; };
		505D6E00287C22F8005A28CB /* Project.swift */ = {isa = PBXFileReference; lastKnownFileType = sourcecode.swift; path = Project.swift; sourceTree = "<group>"; };
		505D6E02287C22FF005A28CB /* Task.swift */ = {isa = PBXFileReference; lastKnownFileType = sourcecode.swift; path = Task.swift; sourceTree = "<group>"; };
		505D6E0F287E9317005A28CB /* GoogleService-Info.plist */ = {isa = PBXFileReference; fileEncoding = 4; lastKnownFileType = text.plist.xml; path = "GoogleService-Info.plist"; sourceTree = "<group>"; };
		505D6E15287EB061005A28CB /* PasswordField.swift */ = {isa = PBXFileReference; lastKnownFileType = sourcecode.swift; path = PasswordField.swift; sourceTree = "<group>"; };
		505D6E17287EB24A005A28CB /* EmailField.swift */ = {isa = PBXFileReference; lastKnownFileType = sourcecode.swift; path = EmailField.swift; sourceTree = "<group>"; };
		505D6E1A287EC49B005A28CB /* VerificationUtils.swift */ = {isa = PBXFileReference; lastKnownFileType = sourcecode.swift; path = VerificationUtils.swift; sourceTree = "<group>"; };
		505D6E20287EEDD3005A28CB /* Invite.swift */ = {isa = PBXFileReference; lastKnownFileType = sourcecode.swift; path = Invite.swift; sourceTree = "<group>"; };
		505D6E25287EF262005A28CB /* APIHandler.swift */ = {isa = PBXFileReference; lastKnownFileType = sourcecode.swift; path = APIHandler.swift; sourceTree = "<group>"; };
		505D6E2728880787005A28CB /* ProjectsConstant.swift */ = {isa = PBXFileReference; lastKnownFileType = sourcecode.swift; path = ProjectsConstant.swift; sourceTree = "<group>"; };
		505D6E29288807E2005A28CB /* TasksConstant.swift */ = {isa = PBXFileReference; lastKnownFileType = sourcecode.swift; path = TasksConstant.swift; sourceTree = "<group>"; };
		505D6E2B288807F0005A28CB /* ProfileConstant.swift */ = {isa = PBXFileReference; lastKnownFileType = sourcecode.swift; path = ProfileConstant.swift; sourceTree = "<group>"; };
		505D6E2D288808D9005A28CB /* GlobalConstant.swift */ = {isa = PBXFileReference; lastKnownFileType = sourcecode.swift; path = GlobalConstant.swift; sourceTree = "<group>"; };
		505D6E2F288809EE005A28CB /* HomeConstants.swift */ = {isa = PBXFileReference; lastKnownFileType = sourcecode.swift; path = HomeConstants.swift; sourceTree = "<group>"; };
		505D6E35288823FA005A28CB /* RootView.swift */ = {isa = PBXFileReference; lastKnownFileType = sourcecode.swift; path = RootView.swift; sourceTree = "<group>"; };
		505D6E3B2888575D005A28CB /* RoundButton.swift */ = {isa = PBXFileReference; lastKnownFileType = sourcecode.swift; path = RoundButton.swift; sourceTree = "<group>"; };
		9823528F2887F82C00A565CB /* APIHandlerError.swift */ = {isa = PBXFileReference; lastKnownFileType = sourcecode.swift; path = APIHandlerError.swift; sourceTree = "<group>"; };
		982352932887F8F600A565CB /* LoginConstant.swift */ = {isa = PBXFileReference; lastKnownFileType = sourcecode.swift; path = LoginConstant.swift; sourceTree = "<group>"; };
		982352952887F90400A565CB /* RegistrationConstant.swift */ = {isa = PBXFileReference; lastKnownFileType = sourcecode.swift; path = RegistrationConstant.swift; sourceTree = "<group>"; };
		982352972887F91900A565CB /* UserConstant.swift */ = {isa = PBXFileReference; lastKnownFileType = sourcecode.swift; path = UserConstant.swift; sourceTree = "<group>"; };
		982352992887FAC200A565CB /* BannerConstant.swift */ = {isa = PBXFileReference; lastKnownFileType = sourcecode.swift; path = BannerConstant.swift; sourceTree = "<group>"; };
		9863A235287F64BE008616B2 /* Preview Assets.xcassets */ = {isa = PBXFileReference; lastKnownFileType = folder.assetcatalog; path = "Preview Assets.xcassets"; sourceTree = "<group>"; };
		9879C1542880C385009A34D3 /* BannerModifier.swift */ = {isa = PBXFileReference; lastKnownFileType = sourcecode.swift; path = BannerModifier.swift; sourceTree = "<group>"; };
		9879C16E28854896009A34D3 /* Home.swift */ = {isa = PBXFileReference; lastKnownFileType = sourcecode.swift; path = Home.swift; sourceTree = "<group>"; };
		988FD3DE288A911E0057D49D /* ImagePicker.swift */ = {isa = PBXFileReference; lastKnownFileType = sourcecode.swift; path = ImagePicker.swift; sourceTree = "<group>"; };
		988FD3E9288ED1F60057D49D /* UserAnalyticsView.swift */ = {isa = PBXFileReference; lastKnownFileType = sourcecode.swift; path = UserAnalyticsView.swift; sourceTree = "<group>"; };
		988FD3EB288ED23F0057D49D /* EditProfileCardView.swift */ = {isa = PBXFileReference; lastKnownFileType = sourcecode.swift; path = EditProfileCardView.swift; sourceTree = "<group>"; };
		988FD3ED288ED24B0057D49D /* ProfileCardView.swift */ = {isa = PBXFileReference; lastKnownFileType = sourcecode.swift; path = ProfileCardView.swift; sourceTree = "<group>"; };
		988FD3F1288EFFF60057D49D /* TaskList.swift */ = {isa = PBXFileReference; lastKnownFileType = sourcecode.swift; path = TaskList.swift; sourceTree = "<group>"; };
		988FD3F5288FA8CA0057D49D /* NewProject.swift */ = {isa = PBXFileReference; fileEncoding = 4; lastKnownFileType = sourcecode.swift; path = NewProject.swift; sourceTree = "<group>"; };
/* End PBXFileReference section */

/* Begin PBXFrameworksBuildPhase section */
		505D6DB7287C1F9E005A28CB /* Frameworks */ = {
			isa = PBXFrameworksBuildPhase;
			buildActionMask = 2147483647;
			files = (
				9879C16328813B5D009A34D3 /* FirebaseAnalyticsSwift in Frameworks */,
				9879C16528813B5D009A34D3 /* FirebaseAuth in Frameworks */,
				505D6E13287E9BE3005A28CB /* ActionButton in Frameworks */,
				9879C16928813B5D009A34D3 /* FirebaseFirestoreSwift in Frameworks */,
				9863A233287D425E008616B2 /* SwiftUIX in Frameworks */,
				9879C16B28813B5D009A34D3 /* FirebaseStorage in Frameworks */,
				9879C16128813B5D009A34D3 /* FirebaseAnalytics in Frameworks */,
				9879C16728813B5D009A34D3 /* FirebaseFirestore in Frameworks */,
			);
			runOnlyForDeploymentPostprocessing = 0;
		};
/* End PBXFrameworksBuildPhase section */

/* Begin PBXGroup section */
		505D6DB1287C1F9E005A28CB = {
			isa = PBXGroup;
			children = (
				505D6DBC287C1F9E005A28CB /* process */,
				505D6DBB287C1F9E005A28CB /* Products */,
			);
			sourceTree = "<group>";
		};
		505D6DBB287C1F9E005A28CB /* Products */ = {
			isa = PBXGroup;
			children = (
				505D6DBA287C1F9E005A28CB /* process.app */,
			);
			name = Products;
			sourceTree = "<group>";
		};
		505D6DBC287C1F9E005A28CB /* process */ = {
			isa = PBXGroup;
			children = (
				9879C16C28816151009A34D3 /* Identity */,
				505D6E1D287EEBDD005A28CB /* Support */,
				505D6DFC287C22C4005A28CB /* Utilities */,
				505D6DFD287C22D8005A28CB /* Models */,
				505D6DCB287C2029005A28CB /* Features */,
			);
			path = process;
			sourceTree = "<group>";
		};
		505D6DCB287C2029005A28CB /* Features */ = {
			isa = PBXGroup;
			children = (
				505D6DD0287C204E005A28CB /* Verification */,
				9879C16D2885482E009A34D3 /* Home */,
				988FD3E4288ED0850057D49D /* Projects */,
				988FD3E3288ED07E0057D49D /* Tasks */,
				988FD3EF288ED2CB0057D49D /* Misc */,
			);
			path = Features;
			sourceTree = "<group>";
		};
		505D6DD0287C204E005A28CB /* Verification */ = {
			isa = PBXGroup;
			children = (
				505D6DDB287C215E005A28CB /* Login.swift */,
				505D6DDD287C216B005A28CB /* Registration.swift */,
			);
			path = Verification;
			sourceTree = "<group>";
		};
		505D6DD2287C2054005A28CB /* ParentViews */ = {
			isa = PBXGroup;
			children = (
				505D6DD3287C2116005A28CB /* EditProjectParentView.swift */,
				505D6DD5287C2131005A28CB /* EditTaskParentView.swift */,
			);
			path = ParentViews;
			sourceTree = "<group>";
		};
		505D6DFC287C22C4005A28CB /* Utilities */ = {
			isa = PBXGroup;
			children = (
				982352922887F8C700A565CB /* Constants */,
				982352912887F84200A565CB /* Errors */,
				505D6DD2287C2054005A28CB /* ParentViews */,
				505D6E1C287EC4AC005A28CB /* Components */,
				505D6E19287EC484005A28CB /* Methods */,
			);
			path = Utilities;
			sourceTree = "<group>";
		};
		505D6DFD287C22D8005A28CB /* Models */ = {
			isa = PBXGroup;
			children = (
				505D6DFE287C22E7005A28CB /* User.swift */,
				505D6E00287C22F8005A28CB /* Project.swift */,
				505D6E02287C22FF005A28CB /* Task.swift */,
				505D6E20287EEDD3005A28CB /* Invite.swift */,
				988FD3F1288EFFF60057D49D /* TaskList.swift */,
			);
			path = Models;
			sourceTree = "<group>";
		};
		505D6E19287EC484005A28CB /* Methods */ = {
			isa = PBXGroup;
			children = (
				505D6E1A287EC49B005A28CB /* VerificationUtils.swift */,
				505D6E25287EF262005A28CB /* APIHandler.swift */,
			);
			path = Methods;
			sourceTree = "<group>";
		};
		505D6E1C287EC4AC005A28CB /* Components */ = {
			isa = PBXGroup;
			children = (
				505D6E15287EB061005A28CB /* PasswordField.swift */,
				505D6E17287EB24A005A28CB /* EmailField.swift */,
				9879C1542880C385009A34D3 /* BannerModifier.swift */,
				505D6E3B2888575D005A28CB /* RoundButton.swift */,
				988FD3DE288A911E0057D49D /* ImagePicker.swift */,
			);
			path = Components;
			sourceTree = "<group>";
		};
		505D6E1D287EEBDD005A28CB /* Support */ = {
			isa = PBXGroup;
			children = (
				505D6E382888240E005A28CB /* Lifecycle */,
				9863A234287F649E008616B2 /* Preview Content */,
				505D6DC1287C1F9F005A28CB /* Assets.xcassets */,
			);
			path = Support;
			sourceTree = "<group>";
		};
		505D6E3128880A39005A28CB /* Verification */ = {
			isa = PBXGroup;
			children = (
				982352932887F8F600A565CB /* LoginConstant.swift */,
				982352952887F90400A565CB /* RegistrationConstant.swift */,
			);
			path = Verification;
			sourceTree = "<group>";
		};
		505D6E3228880A62005A28CB /* Home */ = {
			isa = PBXGroup;
			children = (
				505D6E2F288809EE005A28CB /* HomeConstants.swift */,
				505D6E2728880787005A28CB /* ProjectsConstant.swift */,
				505D6E29288807E2005A28CB /* TasksConstant.swift */,
				505D6E2B288807F0005A28CB /* ProfileConstant.swift */,
			);
			path = Home;
			sourceTree = "<group>";
		};
		505D6E3328880A93005A28CB /* Component */ = {
			isa = PBXGroup;
			children = (
				982352992887FAC200A565CB /* BannerConstant.swift */,
			);
			path = Component;
			sourceTree = "<group>";
		};
		505D6E3428880AB0005A28CB /* Model */ = {
			isa = PBXGroup;
			children = (
				982352972887F91900A565CB /* UserConstant.swift */,
			);
			path = Model;
			sourceTree = "<group>";
		};
		505D6E382888240E005A28CB /* Lifecycle */ = {
			isa = PBXGroup;
			children = (
				505D6E35288823FA005A28CB /* RootView.swift */,
				505D6DBD287C1F9E005A28CB /* processApp.swift */,
			);
			path = Lifecycle;
			sourceTree = "<group>";
		};
		982352912887F84200A565CB /* Errors */ = {
			isa = PBXGroup;
			children = (
				9823528F2887F82C00A565CB /* APIHandlerError.swift */,
			);
			path = Errors;
			sourceTree = "<group>";
		};
		982352922887F8C700A565CB /* Constants */ = {
			isa = PBXGroup;
			children = (
				505D6E2D288808D9005A28CB /* GlobalConstant.swift */,
				505D6E3428880AB0005A28CB /* Model */,
				505D6E3328880A93005A28CB /* Component */,
				505D6E3228880A62005A28CB /* Home */,
				505D6E3128880A39005A28CB /* Verification */,
			);
			path = Constants;
			sourceTree = "<group>";
		};
		9863A234287F649E008616B2 /* Preview Content */ = {
			isa = PBXGroup;
			children = (
				9863A235287F64BE008616B2 /* Preview Assets.xcassets */,
			);
			path = "Preview Content";
			sourceTree = "<group>";
		};
		9879C16C28816151009A34D3 /* Identity */ = {
			isa = PBXGroup;
			children = (
				505D6E0F287E9317005A28CB /* GoogleService-Info.plist */,
			);
			path = Identity;
			sourceTree = "<group>";
		};
		9879C16D2885482E009A34D3 /* Home */ = {
			isa = PBXGroup;
			children = (
				9879C16E28854896009A34D3 /* Home.swift */,
				988FD3E8288ED1BA0057D49D /* ProjectsHome */,
				988FD3E7288ED1A70057D49D /* TasksHome */,
				988FD3E6288ED1950057D49D /* ProfileHome */,
			);
			path = Home;
			sourceTree = "<group>";
		};
		988FD3E3288ED07E0057D49D /* Tasks */ = {
			isa = PBXGroup;
			children = (
				505D6DFA287C2290005A28CB /* TaskDetails.swift */,
				505D6DF8287C2289005A28CB /* EditTask.swift */,
				505D6DD7287C2143005A28CB /* SelectSubtasks.swift */,
				505D6DF6287C227F005A28CB /* NewTask.swift */,
			);
			path = Tasks;
			sourceTree = "<group>";
		};
		988FD3E4288ED0850057D49D /* Projects */ = {
			isa = PBXGroup;
			children = (
				505D6DF3287C2250005A28CB /* ProjectDetails.swift */,
				988FD3F5288FA8CA0057D49D /* NewProject.swift */,
				505D6DF1287C2247005A28CB /* EditProject.swift */,
				505D6DD9287C2154005A28CB /* SelectCollaborators.swift */,
			);
			path = Projects;
			sourceTree = "<group>";
		};
		988FD3E6288ED1950057D49D /* ProfileHome */ = {
			isa = PBXGroup;
			children = (
				505D6DE3287C2199005A28CB /* ProfileHome.swift */,
				988FD3F0288ED3030057D49D /* Views */,
			);
			path = ProfileHome;
			sourceTree = "<group>";
		};
		988FD3E7288ED1A70057D49D /* TasksHome */ = {
			isa = PBXGroup;
			children = (
				505D6DE1287C2190005A28CB /* TasksHome.swift */,
			);
			path = TasksHome;
			sourceTree = "<group>";
		};
		988FD3E8288ED1BA0057D49D /* ProjectsHome */ = {
			isa = PBXGroup;
			children = (
				505D6DDF287C2187005A28CB /* ProjectsHome.swift */,
			);
			path = ProjectsHome;
			sourceTree = "<group>";
		};
		988FD3EF288ED2CB0057D49D /* Misc */ = {
			isa = PBXGroup;
			children = (
				505D6DEC287C2218005A28CB /* Notifications.swift */,
				505D6DE7287C21B7005A28CB /* ExportTasks.swift */,
				505D6DE9287C21CC005A28CB /* UserPreferences.swift */,
			);
			path = Misc;
			sourceTree = "<group>";
		};
		988FD3F0288ED3030057D49D /* Views */ = {
			isa = PBXGroup;
			children = (
				988FD3E9288ED1F60057D49D /* UserAnalyticsView.swift */,
				988FD3EB288ED23F0057D49D /* EditProfileCardView.swift */,
				988FD3ED288ED24B0057D49D /* ProfileCardView.swift */,
			);
			path = Views;
			sourceTree = "<group>";
		};
/* End PBXGroup section */

/* Begin PBXNativeTarget section */
		505D6DB9287C1F9E005A28CB /* process */ = {
			isa = PBXNativeTarget;
			buildConfigurationList = 505D6DC8287C1F9F005A28CB /* Build configuration list for PBXNativeTarget "process" */;
			buildPhases = (
				505D6DB6287C1F9E005A28CB /* Sources */,
				505D6DB7287C1F9E005A28CB /* Frameworks */,
				505D6DB8287C1F9E005A28CB /* Resources */,
			);
			buildRules = (
			);
			dependencies = (
			);
			name = process;
			packageProductDependencies = (
				9863A232287D425E008616B2 /* SwiftUIX */,
				505D6E12287E9BE3005A28CB /* ActionButton */,
				9879C16028813B5D009A34D3 /* FirebaseAnalytics */,
				9879C16228813B5D009A34D3 /* FirebaseAnalyticsSwift */,
				9879C16428813B5D009A34D3 /* FirebaseAuth */,
				9879C16628813B5D009A34D3 /* FirebaseFirestore */,
				9879C16828813B5D009A34D3 /* FirebaseFirestoreSwift */,
				9879C16A28813B5D009A34D3 /* FirebaseStorage */,
			);
			productName = progress;
			productReference = 505D6DBA287C1F9E005A28CB /* process.app */;
			productType = "com.apple.product-type.application";
		};
/* End PBXNativeTarget section */

/* Begin PBXProject section */
		505D6DB2287C1F9E005A28CB /* Project object */ = {
			isa = PBXProject;
			attributes = {
				BuildIndependentTargetsInParallel = 1;
				LastSwiftUpdateCheck = 1340;
				LastUpgradeCheck = 1340;
				TargetAttributes = {
					505D6DB9287C1F9E005A28CB = {
						CreatedOnToolsVersion = 13.4.1;
					};
				};
			};
			buildConfigurationList = 505D6DB5287C1F9E005A28CB /* Build configuration list for PBXProject "process" */;
			compatibilityVersion = "Xcode 13.0";
			developmentRegion = en;
			hasScannedForEncodings = 0;
			knownRegions = (
				en,
				Base,
			);
			mainGroup = 505D6DB1287C1F9E005A28CB;
			packageReferences = (
				9863A231287D425E008616B2 /* XCRemoteSwiftPackageReference "SwiftUIX" */,
				505D6E11287E9BE3005A28CB /* XCRemoteSwiftPackageReference "action-button" */,
				9879C15F28813B5D009A34D3 /* XCRemoteSwiftPackageReference "firebase-ios-sdk" */,
			);
			productRefGroup = 505D6DBB287C1F9E005A28CB /* Products */;
			projectDirPath = "";
			projectRoot = "";
			targets = (
				505D6DB9287C1F9E005A28CB /* process */,
			);
		};
/* End PBXProject section */

/* Begin PBXResourcesBuildPhase section */
		505D6DB8287C1F9E005A28CB /* Resources */ = {
			isa = PBXResourcesBuildPhase;
			buildActionMask = 2147483647;
			files = (
				505D6E10287E9317005A28CB /* GoogleService-Info.plist in Resources */,
				9863A236287F64BE008616B2 /* Preview Assets.xcassets in Resources */,
				505D6DC2287C1F9F005A28CB /* Assets.xcassets in Resources */,
			);
			runOnlyForDeploymentPostprocessing = 0;
		};
/* End PBXResourcesBuildPhase section */

/* Begin PBXSourcesBuildPhase section */
		505D6DB6287C1F9E005A28CB /* Sources */ = {
			isa = PBXSourcesBuildPhase;
			buildActionMask = 2147483647;
			files = (
				505D6DF9287C2289005A28CB /* EditTask.swift in Sources */,
				505D6DDC287C215E005A28CB /* Login.swift in Sources */,
				505D6DFB287C2290005A28CB /* TaskDetails.swift in Sources */,
				988FD3DF288A911E0057D49D /* ImagePicker.swift in Sources */,
				505D6E36288823FA005A28CB /* RootView.swift in Sources */,
				9879C16F28854896009A34D3 /* Home.swift in Sources */,
				505D6E03287C22FF005A28CB /* Task.swift in Sources */,
				982352942887F8F600A565CB /* LoginConstant.swift in Sources */,
				505D6E21287EEDD3005A28CB /* Invite.swift in Sources */,
				505D6E26287EF262005A28CB /* APIHandler.swift in Sources */,
				988FD3F6288FA8CA0057D49D /* NewProject.swift in Sources */,
				505D6DF7287C227F005A28CB /* NewTask.swift in Sources */,
				505D6DD8287C2143005A28CB /* SelectSubtasks.swift in Sources */,
				505D6E2A288807E2005A28CB /* TasksConstant.swift in Sources */,
				505D6DEA287C21CC005A28CB /* UserPreferences.swift in Sources */,
				982352902887F82C00A565CB /* APIHandlerError.swift in Sources */,
				505D6E01287C22F8005A28CB /* Project.swift in Sources */,
				988FD3F2288EFFF60057D49D /* TaskList.swift in Sources */,
				505D6DF4287C2250005A28CB /* ProjectDetails.swift in Sources */,
				505D6DDA287C2155005A28CB /* SelectCollaborators.swift in Sources */,
				9879C1552880C385009A34D3 /* BannerModifier.swift in Sources */,
				505D6DD6287C2131005A28CB /* EditTaskParentView.swift in Sources */,
				988FD3EC288ED23F0057D49D /* EditProfileCardView.swift in Sources */,
				505D6E3C2888575D005A28CB /* RoundButton.swift in Sources */,
				505D6DD4287C2116005A28CB /* EditProjectParentView.swift in Sources */,
				505D6E16287EB061005A28CB /* PasswordField.swift in Sources */,
				505D6E1B287EC49B005A28CB /* VerificationUtils.swift in Sources */,
				505D6DE0287C2187005A28CB /* ProjectsHome.swift in Sources */,
				505D6DF2287C2247005A28CB /* EditProject.swift in Sources */,
				505D6DBE287C1F9E005A28CB /* processApp.swift in Sources */,
				505D6E2E288808D9005A28CB /* GlobalConstant.swift in Sources */,
				505D6DE8287C21B7005A28CB /* ExportTasks.swift in Sources */,
				505D6DDE287C216B005A28CB /* Registration.swift in Sources */,
				505D6E18287EB24A005A28CB /* EmailField.swift in Sources */,
				9823529A2887FAC200A565CB /* BannerConstant.swift in Sources */,
				505D6DE4287C2199005A28CB /* ProfileHome.swift in Sources */,
				982352962887F90400A565CB /* RegistrationConstant.swift in Sources */,
				988FD3EA288ED1F60057D49D /* UserAnalyticsView.swift in Sources */,
				505D6E30288809EE005A28CB /* HomeConstants.swift in Sources */,
				505D6E2C288807F0005A28CB /* ProfileConstant.swift in Sources */,
				505D6DE2287C2190005A28CB /* TasksHome.swift in Sources */,
				988FD3EE288ED24C0057D49D /* ProfileCardView.swift in Sources */,
				505D6DED287C2218005A28CB /* Notifications.swift in Sources */,
				982352982887F91900A565CB /* UserConstant.swift in Sources */,
				505D6DFF287C22E7005A28CB /* User.swift in Sources */,
				505D6E2828880787005A28CB /* ProjectsConstant.swift in Sources */,
			);
			runOnlyForDeploymentPostprocessing = 0;
		};
/* End PBXSourcesBuildPhase section */

/* Begin XCBuildConfiguration section */
		505D6DC6287C1F9F005A28CB /* Debug */ = {
			isa = XCBuildConfiguration;
			buildSettings = {
				ALWAYS_SEARCH_USER_PATHS = NO;
				CLANG_ANALYZER_NONNULL = YES;
				CLANG_ANALYZER_NUMBER_OBJECT_CONVERSION = YES_AGGRESSIVE;
				CLANG_CXX_LANGUAGE_STANDARD = "gnu++17";
				CLANG_ENABLE_MODULES = YES;
				CLANG_ENABLE_OBJC_ARC = YES;
				CLANG_ENABLE_OBJC_WEAK = YES;
				CLANG_WARN_BLOCK_CAPTURE_AUTORELEASING = YES;
				CLANG_WARN_BOOL_CONVERSION = YES;
				CLANG_WARN_COMMA = YES;
				CLANG_WARN_CONSTANT_CONVERSION = YES;
				CLANG_WARN_DEPRECATED_OBJC_IMPLEMENTATIONS = YES;
				CLANG_WARN_DIRECT_OBJC_ISA_USAGE = YES_ERROR;
				CLANG_WARN_DOCUMENTATION_COMMENTS = YES;
				CLANG_WARN_EMPTY_BODY = YES;
				CLANG_WARN_ENUM_CONVERSION = YES;
				CLANG_WARN_INFINITE_RECURSION = YES;
				CLANG_WARN_INT_CONVERSION = YES;
				CLANG_WARN_NON_LITERAL_NULL_CONVERSION = YES;
				CLANG_WARN_OBJC_IMPLICIT_RETAIN_SELF = YES;
				CLANG_WARN_OBJC_LITERAL_CONVERSION = YES;
				CLANG_WARN_OBJC_ROOT_CLASS = YES_ERROR;
				CLANG_WARN_QUOTED_INCLUDE_IN_FRAMEWORK_HEADER = YES;
				CLANG_WARN_RANGE_LOOP_ANALYSIS = YES;
				CLANG_WARN_STRICT_PROTOTYPES = YES;
				CLANG_WARN_SUSPICIOUS_MOVE = YES;
				CLANG_WARN_UNGUARDED_AVAILABILITY = YES_AGGRESSIVE;
				CLANG_WARN_UNREACHABLE_CODE = YES;
				CLANG_WARN__DUPLICATE_METHOD_MATCH = YES;
				COPY_PHASE_STRIP = NO;
				DEBUG_INFORMATION_FORMAT = dwarf;
				ENABLE_STRICT_OBJC_MSGSEND = YES;
				ENABLE_TESTABILITY = YES;
				GCC_C_LANGUAGE_STANDARD = gnu11;
				GCC_DYNAMIC_NO_PIC = NO;
				GCC_NO_COMMON_BLOCKS = YES;
				GCC_OPTIMIZATION_LEVEL = 0;
				GCC_PREPROCESSOR_DEFINITIONS = (
					"DEBUG=1",
					"$(inherited)",
				);
				GCC_WARN_64_TO_32_BIT_CONVERSION = YES;
				GCC_WARN_ABOUT_RETURN_TYPE = YES_ERROR;
				GCC_WARN_UNDECLARED_SELECTOR = YES;
				GCC_WARN_UNINITIALIZED_AUTOS = YES_AGGRESSIVE;
				GCC_WARN_UNUSED_FUNCTION = YES;
				GCC_WARN_UNUSED_VARIABLE = YES;
				IPHONEOS_DEPLOYMENT_TARGET = 15.5;
				MTL_ENABLE_DEBUG_INFO = INCLUDE_SOURCE;
				MTL_FAST_MATH = YES;
				ONLY_ACTIVE_ARCH = YES;
				SDKROOT = iphoneos;
				SWIFT_ACTIVE_COMPILATION_CONDITIONS = DEBUG;
				SWIFT_OPTIMIZATION_LEVEL = "-Onone";
			};
			name = Debug;
		};
		505D6DC7287C1F9F005A28CB /* Release */ = {
			isa = XCBuildConfiguration;
			buildSettings = {
				ALWAYS_SEARCH_USER_PATHS = NO;
				CLANG_ANALYZER_NONNULL = YES;
				CLANG_ANALYZER_NUMBER_OBJECT_CONVERSION = YES_AGGRESSIVE;
				CLANG_CXX_LANGUAGE_STANDARD = "gnu++17";
				CLANG_ENABLE_MODULES = YES;
				CLANG_ENABLE_OBJC_ARC = YES;
				CLANG_ENABLE_OBJC_WEAK = YES;
				CLANG_WARN_BLOCK_CAPTURE_AUTORELEASING = YES;
				CLANG_WARN_BOOL_CONVERSION = YES;
				CLANG_WARN_COMMA = YES;
				CLANG_WARN_CONSTANT_CONVERSION = YES;
				CLANG_WARN_DEPRECATED_OBJC_IMPLEMENTATIONS = YES;
				CLANG_WARN_DIRECT_OBJC_ISA_USAGE = YES_ERROR;
				CLANG_WARN_DOCUMENTATION_COMMENTS = YES;
				CLANG_WARN_EMPTY_BODY = YES;
				CLANG_WARN_ENUM_CONVERSION = YES;
				CLANG_WARN_INFINITE_RECURSION = YES;
				CLANG_WARN_INT_CONVERSION = YES;
				CLANG_WARN_NON_LITERAL_NULL_CONVERSION = YES;
				CLANG_WARN_OBJC_IMPLICIT_RETAIN_SELF = YES;
				CLANG_WARN_OBJC_LITERAL_CONVERSION = YES;
				CLANG_WARN_OBJC_ROOT_CLASS = YES_ERROR;
				CLANG_WARN_QUOTED_INCLUDE_IN_FRAMEWORK_HEADER = YES;
				CLANG_WARN_RANGE_LOOP_ANALYSIS = YES;
				CLANG_WARN_STRICT_PROTOTYPES = YES;
				CLANG_WARN_SUSPICIOUS_MOVE = YES;
				CLANG_WARN_UNGUARDED_AVAILABILITY = YES_AGGRESSIVE;
				CLANG_WARN_UNREACHABLE_CODE = YES;
				CLANG_WARN__DUPLICATE_METHOD_MATCH = YES;
				COPY_PHASE_STRIP = NO;
				DEBUG_INFORMATION_FORMAT = "dwarf-with-dsym";
				ENABLE_NS_ASSERTIONS = NO;
				ENABLE_STRICT_OBJC_MSGSEND = YES;
				GCC_C_LANGUAGE_STANDARD = gnu11;
				GCC_NO_COMMON_BLOCKS = YES;
				GCC_WARN_64_TO_32_BIT_CONVERSION = YES;
				GCC_WARN_ABOUT_RETURN_TYPE = YES_ERROR;
				GCC_WARN_UNDECLARED_SELECTOR = YES;
				GCC_WARN_UNINITIALIZED_AUTOS = YES_AGGRESSIVE;
				GCC_WARN_UNUSED_FUNCTION = YES;
				GCC_WARN_UNUSED_VARIABLE = YES;
				IPHONEOS_DEPLOYMENT_TARGET = 15.5;
				MTL_ENABLE_DEBUG_INFO = NO;
				MTL_FAST_MATH = YES;
				SDKROOT = iphoneos;
				SWIFT_COMPILATION_MODE = wholemodule;
				SWIFT_OPTIMIZATION_LEVEL = "-O";
				VALIDATE_PRODUCT = YES;
			};
			name = Release;
		};
		505D6DC9287C1F9F005A28CB /* Debug */ = {
			isa = XCBuildConfiguration;
			buildSettings = {
				ASSETCATALOG_COMPILER_APPICON_NAME = AppIcon;
				ASSETCATALOG_COMPILER_GLOBAL_ACCENT_COLOR_NAME = AccentColor;
				CODE_SIGN_STYLE = Automatic;
				CURRENT_PROJECT_VERSION = 1;
				DEVELOPMENT_ASSET_PATHS = "\"process/Support/Preview Content\"";
				DEVELOPMENT_TEAM = TBMRNTARZF;
				ENABLE_PREVIEWS = YES;
				GENERATE_INFOPLIST_FILE = YES;
				INFOPLIST_KEY_UIApplicationSceneManifest_Generation = YES;
				INFOPLIST_KEY_UIApplicationSupportsIndirectInputEvents = YES;
				INFOPLIST_KEY_UILaunchScreen_Generation = YES;
				INFOPLIST_KEY_UISupportedInterfaceOrientations_iPad = "UIInterfaceOrientationPortrait UIInterfaceOrientationPortraitUpsideDown UIInterfaceOrientationLandscapeLeft UIInterfaceOrientationLandscapeRight";
				INFOPLIST_KEY_UISupportedInterfaceOrientations_iPhone = "UIInterfaceOrientationPortrait UIInterfaceOrientationLandscapeLeft UIInterfaceOrientationLandscapeRight";
				LD_RUNPATH_SEARCH_PATHS = (
					"$(inherited)",
					"@executable_path/Frameworks",
				);
				MARKETING_VERSION = 1.0;
				PRODUCT_BUNDLE_IDENTIFIER = com.maxfierro.process;
				PRODUCT_NAME = "$(TARGET_NAME)";
				SWIFT_EMIT_LOC_STRINGS = YES;
				SWIFT_VERSION = 5.0;
				TARGETED_DEVICE_FAMILY = "1,2";
			};
			name = Debug;
		};
		505D6DCA287C1F9F005A28CB /* Release */ = {
			isa = XCBuildConfiguration;
			buildSettings = {
				ASSETCATALOG_COMPILER_APPICON_NAME = AppIcon;
				ASSETCATALOG_COMPILER_GLOBAL_ACCENT_COLOR_NAME = AccentColor;
				CODE_SIGN_STYLE = Automatic;
				CURRENT_PROJECT_VERSION = 1;
				DEVELOPMENT_ASSET_PATHS = "\"process/Support/Preview Content\"";
				DEVELOPMENT_TEAM = TBMRNTARZF;
				ENABLE_PREVIEWS = YES;
				GENERATE_INFOPLIST_FILE = YES;
				INFOPLIST_KEY_UIApplicationSceneManifest_Generation = YES;
				INFOPLIST_KEY_UIApplicationSupportsIndirectInputEvents = YES;
				INFOPLIST_KEY_UILaunchScreen_Generation = YES;
				INFOPLIST_KEY_UISupportedInterfaceOrientations_iPad = "UIInterfaceOrientationPortrait UIInterfaceOrientationPortraitUpsideDown UIInterfaceOrientationLandscapeLeft UIInterfaceOrientationLandscapeRight";
				INFOPLIST_KEY_UISupportedInterfaceOrientations_iPhone = "UIInterfaceOrientationPortrait UIInterfaceOrientationLandscapeLeft UIInterfaceOrientationLandscapeRight";
				LD_RUNPATH_SEARCH_PATHS = (
					"$(inherited)",
					"@executable_path/Frameworks",
				);
				MARKETING_VERSION = 1.0;
				PRODUCT_BUNDLE_IDENTIFIER = com.maxfierro.process;
				PRODUCT_NAME = "$(TARGET_NAME)";
				SWIFT_EMIT_LOC_STRINGS = YES;
				SWIFT_VERSION = 5.0;
				TARGETED_DEVICE_FAMILY = "1,2";
			};
			name = Release;
		};
/* End XCBuildConfiguration section */

/* Begin XCConfigurationList section */
		505D6DB5287C1F9E005A28CB /* Build configuration list for PBXProject "process" */ = {
			isa = XCConfigurationList;
			buildConfigurations = (
				505D6DC6287C1F9F005A28CB /* Debug */,
				505D6DC7287C1F9F005A28CB /* Release */,
			);
			defaultConfigurationIsVisible = 0;
			defaultConfigurationName = Release;
		};
		505D6DC8287C1F9F005A28CB /* Build configuration list for PBXNativeTarget "process" */ = {
			isa = XCConfigurationList;
			buildConfigurations = (
				505D6DC9287C1F9F005A28CB /* Debug */,
				505D6DCA287C1F9F005A28CB /* Release */,
			);
			defaultConfigurationIsVisible = 0;
			defaultConfigurationName = Release;
		};
/* End XCConfigurationList section */

/* Begin XCRemoteSwiftPackageReference section */
		505D6E11287E9BE3005A28CB /* XCRemoteSwiftPackageReference "action-button" */ = {
			isa = XCRemoteSwiftPackageReference;
			repositoryURL = "https://github.com/swiftui-library/action-button";
			requirement = {
				kind = upToNextMajorVersion;
				minimumVersion = 1.0.0;
			};
		};
		9863A231287D425E008616B2 /* XCRemoteSwiftPackageReference "SwiftUIX" */ = {
			isa = XCRemoteSwiftPackageReference;
			repositoryURL = "https://github.com/SwiftUIX/SwiftUIX";
			requirement = {
				kind = upToNextMajorVersion;
				minimumVersion = 0.1.2;
			};
		};
		9879C15F28813B5D009A34D3 /* XCRemoteSwiftPackageReference "firebase-ios-sdk" */ = {
			isa = XCRemoteSwiftPackageReference;
			repositoryURL = "https://github.com/firebase/firebase-ios-sdk";
			requirement = {
				kind = upToNextMajorVersion;
				minimumVersion = 9.0.0;
			};
		};
/* End XCRemoteSwiftPackageReference section */

/* Begin XCSwiftPackageProductDependency section */
		505D6E12287E9BE3005A28CB /* ActionButton */ = {
			isa = XCSwiftPackageProductDependency;
			package = 505D6E11287E9BE3005A28CB /* XCRemoteSwiftPackageReference "action-button" */;
			productName = ActionButton;
		};
		9863A232287D425E008616B2 /* SwiftUIX */ = {
			isa = XCSwiftPackageProductDependency;
			package = 9863A231287D425E008616B2 /* XCRemoteSwiftPackageReference "SwiftUIX" */;
			productName = SwiftUIX;
		};
		9879C16028813B5D009A34D3 /* FirebaseAnalytics */ = {
			isa = XCSwiftPackageProductDependency;
			package = 9879C15F28813B5D009A34D3 /* XCRemoteSwiftPackageReference "firebase-ios-sdk" */;
			productName = FirebaseAnalytics;
		};
		9879C16228813B5D009A34D3 /* FirebaseAnalyticsSwift */ = {
			isa = XCSwiftPackageProductDependency;
			package = 9879C15F28813B5D009A34D3 /* XCRemoteSwiftPackageReference "firebase-ios-sdk" */;
			productName = FirebaseAnalyticsSwift;
		};
		9879C16428813B5D009A34D3 /* FirebaseAuth */ = {
			isa = XCSwiftPackageProductDependency;
			package = 9879C15F28813B5D009A34D3 /* XCRemoteSwiftPackageReference "firebase-ios-sdk" */;
			productName = FirebaseAuth;
		};
		9879C16628813B5D009A34D3 /* FirebaseFirestore */ = {
			isa = XCSwiftPackageProductDependency;
			package = 9879C15F28813B5D009A34D3 /* XCRemoteSwiftPackageReference "firebase-ios-sdk" */;
			productName = FirebaseFirestore;
		};
		9879C16828813B5D009A34D3 /* FirebaseFirestoreSwift */ = {
			isa = XCSwiftPackageProductDependency;
			package = 9879C15F28813B5D009A34D3 /* XCRemoteSwiftPackageReference "firebase-ios-sdk" */;
			productName = FirebaseFirestoreSwift;
		};
		9879C16A28813B5D009A34D3 /* FirebaseStorage */ = {
			isa = XCSwiftPackageProductDependency;
			package = 9879C15F28813B5D009A34D3 /* XCRemoteSwiftPackageReference "firebase-ios-sdk" */;
			productName = FirebaseStorage;
		};
/* End XCSwiftPackageProductDependency section */
	};
	rootObject = 505D6DB2287C1F9E005A28CB /* Project object */;
}
